{
  "name": "@orbit-stream/redpanda",
  "version": "1.0.7",
  "lockfileVersion": 3,
  "requires": true,
  "packages": {
    "": {
      "name": "@orbit-stream/redpanda",
      "version": "1.0.7",
      "license": "MIT",
      "dependencies": {
        "@orbit-stream/core": "^1.0.2",
        "kafkajs": "^2.2.4"
      }
    },
    "node_modules/@orbit-stream/core": {
      "version": "1.0.2",
      "resolved": "https://registry.npmjs.org/@orbit-stream/core/-/core-1.0.2.tgz",
      "integrity": "sha512-5wqK2WsNBdc1kLHBxCQzH5kDa85jQmKX2GSlZ3xniQb0/R+c04/s2GHvrKD4DQJYTZEe/9QFvVpnsQKgcSlfJQ=="
    },
    "node_modules/kafkajs": {
      "version": "2.2.4",
      "resolved": "https://registry.npmjs.org/kafkajs/-/kafkajs-2.2.4.tgz",
      "integrity": "sha512-j/YeapB1vfPT2iOIUn/vxdyKEuhuY2PxMBvf5JWux6iSaukAccrMtXEY/Lb7OvavDhOWME589bpLrEdnVHjfjA==",
      "engines": {
        "node": ">=14.0.0"
      }
    }
  }
}
